{
  "name": "npm-test-folder",
  "version": "1.0.0",
  "lockfileVersion": 2,
  "requires": true,
  "packages": {
    "": {
      "name": "npm-test-folder",
      "version": "1.0.0",
      "license": "ISC",
      "dependencies": {
        "sorting-algorithm": "^1.0.3"
      }
    },
    "node_modules/sorting-algorithm": {
      "version": "1.0.3",
      "resolved": "https://registry.npmjs.org/sorting-algorithm/-/sorting-algorithm-1.0.3.tgz",
      "integrity": "sha512-1VikLlR2FDpmxovzq/3Eb74t3pGHvyulg6vGWWwl+QVOoirN6ZghkFvsgnPLYn259dRPyok/+g+PUg2GacJO7w=="
    }
  },
  "dependencies": {
    "sorting-algorithm": {
      "version": "1.0.3",
      "resolved": "https://registry.npmjs.org/sorting-algorithm/-/sorting-algorithm-1.0.3.tgz",
      "integrity": "sha512-1VikLlR2FDpmxovzq/3Eb74t3pGHvyulg6vGWWwl+QVOoirN6ZghkFvsgnPLYn259dRPyok/+g+PUg2GacJO7w=="
    }
  }
}
