{
  "name": "npm-test-folder",
  "version": "1.0.0",
  "lockfileVersion": 2,
  "requires": true,
  "packages": {
    "": {
      "name": "npm-test-folder",
      "version": "1.0.0",
      "license": "ISC",
      "dependencies": {
        "sorting-algorithm": "^1.0.12"
      }
    },
    "node_modules/sorting-algorithm": {
      "version": "1.0.12",
      "resolved": "https://registry.npmjs.org/sorting-algorithm/-/sorting-algorithm-1.0.12.tgz",
      "integrity": "sha512-1nKcd2oBprZ7dKpwhFfbng+10h9dv9nbP82ywGpQzPR85Kp5ZNV8FDLTzYm3lstaoxcnZbOcOc498MN9Y+PIVw=="
    }
  },
  "dependencies": {
    "sorting-algorithm": {
      "version": "1.0.12",
      "resolved": "https://registry.npmjs.org/sorting-algorithm/-/sorting-algorithm-1.0.12.tgz",
      "integrity": "sha512-1nKcd2oBprZ7dKpwhFfbng+10h9dv9nbP82ywGpQzPR85Kp5ZNV8FDLTzYm3lstaoxcnZbOcOc498MN9Y+PIVw=="
    }
  }
}
