{
  "name": "npm-test-folder",
  "version": "1.0.0",
  "lockfileVersion": 2,
  "requires": true,
  "packages": {
    "": {
      "name": "npm-test-folder",
      "version": "1.0.0",
      "license": "ISC",
      "dependencies": {
        "sorting-algorithm": "^1.0.14"
      }
    },
    "node_modules/sorting-algorithm": {
      "version": "1.0.14",
      "resolved": "https://registry.npmjs.org/sorting-algorithm/-/sorting-algorithm-1.0.14.tgz",
      "integrity": "sha512-+lHNg33XdiXBp1ud5fxlB+FRACVQrx3MppzAsX1vZWk7evR3u7MC7/HDybzKKv2jxh00ALVqkdBCKL8SvMR07A=="
    }
  },
  "dependencies": {
    "sorting-algorithm": {
      "version": "1.0.14",
      "resolved": "https://registry.npmjs.org/sorting-algorithm/-/sorting-algorithm-1.0.14.tgz",
      "integrity": "sha512-+lHNg33XdiXBp1ud5fxlB+FRACVQrx3MppzAsX1vZWk7evR3u7MC7/HDybzKKv2jxh00ALVqkdBCKL8SvMR07A=="
    }
  }
}
